
Microsoft Visual Studio Solution File, Format Version 12.00
# Visual Studio Version 16
VisualStudioVersion = 16.0.31702.278
MinimumVisualStudioVersion = 10.0.40219.1
Project("{FAE04EC0-301F-11D3-BF4B-00C04F79EFBC}") = "AusBatProtoOneMobileClient.UWP", "AusBatProtoOneMobileClient.UWP\AusBatProtoOneMobileClient.UWP.csproj", "{74BB1216-0C50-4E70-BCBF-FE86DD353FC2}"
EndProject
Project("{FAE04EC0-301F-11D3-BF4B-00C04F79EFBC}") = "AusBatProtoOneMobileClient.Android", "AusBatProtoOneMobileClient.Android\AusBatProtoOneMobileClient.Android.csproj", "{9441D6D0-991E-4801-8EB2-60A46B9689ED}"
EndProject
Project("{FAE04EC0-301F-11D3-BF4B-00C04F79EFBC}") = "AusBatProtoOneMobileClient.iOS", "AusBatProtoOneMobileClient.iOS\AusBatProtoOneMobileClient.iOS.csproj", "{137B428D-93D8-4DD0-95EF-5CECF20CD4E0}"
EndProject
Project("{FAE04EC0-301F-11D3-BF4B-00C04F79EFBC}") = "AusBatProtoOneMobileClient", "AusBatProtoOneMobileClient\AusBatProtoOneMobileClient.csproj", "{238C44D5-AF94-4065-A8E4-4ED50A62E779}"
EndProject
Project("{FAE04EC0-301F-11D3-BF4B-00C04F79EFBC}") = "UnitTests", "..\UnitTests\UnitTests.csproj", "{668CE767-11B9-4A88-A373-259DB2707D79}"
EndProject
Global
	GlobalSection(SolutionConfigurationPlatforms) = preSolution
		Debug|Any CPU = Debug|Any CPU
		Debug|ARM = Debug|ARM
		Debug|iPhone = Debug|iPhone
		Debug|iPhoneSimulator = Debug|iPhoneSimulator
		Debug|x64 = Debug|x64
		Debug|x86 = Debug|x86
		Release|Any CPU = Release|Any CPU
		Release|ARM = Release|ARM
		Release|iPhone = Release|iPhone
		Release|iPhoneSimulator = Release|iPhoneSimulator
		Release|x64 = Release|x64
		Release|x86 = Release|x86
	EndGlobalSection
	GlobalSection(ProjectConfigurationPlatforms) = postSolution
		{74BB1216-0C50-4E70-BCBF-FE86DD353FC2}.Debug|Any CPU.ActiveCfg = Debug|x86
		{74BB1216-0C50-4E70-BCBF-FE86DD353FC2}.Debug|Any CPU.Build.0 = Debug|x86
		{74BB1216-0C50-4E70-BCBF-FE86DD353FC2}.Debug|Any CPU.Deploy.0 = Debug|x86
		{74BB1216-0C50-4E70-BCBF-FE86DD353FC2}.Debug|ARM.ActiveCfg = Debug|ARM
		{74BB1216-0C50-4E70-BCBF-FE86DD353FC2}.Debug|ARM.Build.0 = Debug|ARM
		{74BB1216-0C50-4E70-BCBF-FE86DD353FC2}.Debug|ARM.Deploy.0 = Debug|ARM
		{74BB1216-0C50-4E70-BCBF-FE86DD353FC2}.Debug|iPhone.ActiveCfg = Debug|x86
		{74BB1216-0C50-4E70-BCBF-FE86DD353FC2}.Debug|iPhone.Build.0 = Debug|x86
		{74BB1216-0C50-4E70-BCBF-FE86DD353FC2}.Debug|iPhone.Deploy.0 = Debug|x86
		{74BB1216-0C50-4E70-BCBF-FE86DD353FC2}.Debug|iPhoneSimulator.ActiveCfg = Debug|x86
		{74BB1216-0C50-4E70-BCBF-FE86DD353FC2}.Debug|iPhoneSimulator.Build.0 = Debug|x86
		{74BB1216-0C50-4E70-BCBF-FE86DD353FC2}.Debug|iPhoneSimulator.Deploy.0 = Debug|x86
		{74BB1216-0C50-4E70-BCBF-FE86DD353FC2}.Debug|x64.ActiveCfg = Debug|x64
		{74BB1216-0C50-4E70-BCBF-FE86DD353FC2}.Debug|x64.Build.0 = Debug|x64
		{74BB1216-0C50-4E70-BCBF-FE86DD353FC2}.Debug|x64.Deploy.0 = Debug|x64
		{74BB1216-0C50-4E70-BCBF-FE86DD353FC2}.Debug|x86.ActiveCfg = Debug|x86
		{74BB1216-0C50-4E70-BCBF-FE86DD353FC2}.Debug|x86.Build.0 = Debug|x86
		{74BB1216-0C50-4E70-BCBF-FE86DD353FC2}.Debug|x86.Deploy.0 = Debug|x86
		{74BB1216-0C50-4E70-BCBF-FE86DD353FC2}.Release|Any CPU.ActiveCfg = Release|x86
		{74BB1216-0C50-4E70-BCBF-FE86DD353FC2}.Release|Any CPU.Build.0 = Release|x86
		{74BB1216-0C50-4E70-BCBF-FE86DD353FC2}.Release|Any CPU.Deploy.0 = Release|x86
		{74BB1216-0C50-4E70-BCBF-FE86DD353FC2}.Release|ARM.ActiveCfg = Release|ARM
		{74BB1216-0C50-4E70-BCBF-FE86DD353FC2}.Release|ARM.Build.0 = Release|ARM
		{74BB1216-0C50-4E70-BCBF-FE86DD353FC2}.Release|ARM.Deploy.0 = Release|ARM
		{74BB1216-0C50-4E70-BCBF-FE86DD353FC2}.Release|iPhone.ActiveCfg = Release|x86
		{74BB1216-0C50-4E70-BCBF-FE86DD353FC2}.Release|iPhone.Build.0 = Release|x86
		{74BB1216-0C50-4E70-BCBF-FE86DD353FC2}.Release|iPhone.Deploy.0 = Release|x86
		{74BB1216-0C50-4E70-BCBF-FE86DD353FC2}.Release|iPhoneSimulator.ActiveCfg = Release|x86
		{74BB1216-0C50-4E70-BCBF-FE86DD353FC2}.Release|iPhoneSimulator.Build.0 = Release|x86
		{74BB1216-0C50-4E70-BCBF-FE86DD353FC2}.Release|iPhoneSimulator.Deploy.0 = Release|x86
		{74BB1216-0C50-4E70-BCBF-FE86DD353FC2}.Release|x64.ActiveCfg = Release|x64
		{74BB1216-0C50-4E70-BCBF-FE86DD353FC2}.Release|x64.Build.0 = Release|x64
		{74BB1216-0C50-4E70-BCBF-FE86DD353FC2}.Release|x64.Deploy.0 = Release|x64
		{74BB1216-0C50-4E70-BCBF-FE86DD353FC2}.Release|x86.ActiveCfg = Release|x86
		{74BB1216-0C50-4E70-BCBF-FE86DD353FC2}.Release|x86.Build.0 = Release|x86
		{74BB1216-0C50-4E70-BCBF-FE86DD353FC2}.Release|x86.Deploy.0 = Release|x86
		{9441D6D0-991E-4801-8EB2-60A46B9689ED}.Debug|Any CPU.ActiveCfg = Debug|Any CPU
		{9441D6D0-991E-4801-8EB2-60A46B9689ED}.Debug|Any CPU.Build.0 = Debug|Any CPU
		{9441D6D0-991E-4801-8EB2-60A46B9689ED}.Debug|Any CPU.Deploy.0 = Debug|Any CPU
		{9441D6D0-991E-4801-8EB2-60A46B9689ED}.Debug|ARM.ActiveCfg = Debug|Any CPU
		{9441D6D0-991E-4801-8EB2-60A46B9689ED}.Debug|ARM.Build.0 = Debug|Any CPU
		{9441D6D0-991E-4801-8EB2-60A46B9689ED}.Debug|ARM.Deploy.0 = Debug|Any CPU
		{9441D6D0-991E-4801-8EB2-60A46B9689ED}.Debug|iPhone.ActiveCfg = Debug|Any CPU
		{9441D6D0-991E-4801-8EB2-60A46B9689ED}.Debug|iPhone.Build.0 = Debug|Any CPU
		{9441D6D0-991E-4801-8EB2-60A46B9689ED}.Debug|iPhone.Deploy.0 = Debug|Any CPU
		{9441D6D0-991E-4801-8EB2-60A46B9689ED}.Debug|iPhoneSimulator.ActiveCfg = Debug|Any CPU
		{9441D6D0-991E-4801-8EB2-60A46B9689ED}.Debug|iPhoneSimulator.Build.0 = Debug|Any CPU
		{9441D6D0-991E-4801-8EB2-60A46B9689ED}.Debug|iPhoneSimulator.Deploy.0 = Debug|Any CPU
		{9441D6D0-991E-4801-8EB2-60A46B9689ED}.Debug|x64.ActiveCfg = Debug|Any CPU
		{9441D6D0-991E-4801-8EB2-60A46B9689ED}.Debug|x64.Build.0 = Debug|Any CPU
		{9441D6D0-991E-4801-8EB2-60A46B9689ED}.Debug|x64.Deploy.0 = Debug|Any CPU
		{9441D6D0-991E-4801-8EB2-60A46B9689ED}.Debug|x86.ActiveCfg = Debug|Any CPU
		{9441D6D0-991E-4801-8EB2-60A46B9689ED}.Debug|x86.Build.0 = Debug|Any CPU
		{9441D6D0-991E-4801-8EB2-60A46B9689ED}.Debug|x86.Deploy.0 = Debug|Any CPU
		{9441D6D0-991E-4801-8EB2-60A46B9689ED}.Release|Any CPU.ActiveCfg = Release|Any CPU
		{9441D6D0-991E-4801-8EB2-60A46B9689ED}.Release|Any CPU.Build.0 = Release|Any CPU
		{9441D6D0-991E-4801-8EB2-60A46B9689ED}.Release|Any CPU.Deploy.0 = Release|Any CPU
		{9441D6D0-991E-4801-8EB2-60A46B9689ED}.Release|ARM.ActiveCfg = Release|Any CPU
		{9441D6D0-991E-4801-8EB2-60A46B9689ED}.Release|ARM.Build.0 = Release|Any CPU
		{9441D6D0-991E-4801-8EB2-60A46B9689ED}.Release|ARM.Deploy.0 = Release|Any CPU
		{9441D6D0-991E-4801-8EB2-60A46B9689ED}.Release|iPhone.ActiveCfg = Release|Any CPU
		{9441D6D0-991E-4801-8EB2-60A46B9689ED}.Release|iPhone.Build.0 = Release|Any CPU
		{9441D6D0-991E-4801-8EB2-60A46B9689ED}.Release|iPhone.Deploy.0 = Release|Any CPU
		{9441D6D0-991E-4801-8EB2-60A46B9689ED}.Release|iPhoneSimulator.ActiveCfg = Release|Any CPU
		{9441D6D0-991E-4801-8EB2-60A46B9689ED}.Release|iPhoneSimulator.Build.0 = Release|Any CPU
		{9441D6D0-991E-4801-8EB2-60A46B9689ED}.Release|iPhoneSimulator.Deploy.0 = Release|Any CPU
		{9441D6D0-991E-4801-8EB2-60A46B9689ED}.Release|x64.ActiveCfg = Release|Any CPU
		{9441D6D0-991E-4801-8EB2-60A46B9689ED}.Release|x64.Build.0 = Release|Any CPU
		{9441D6D0-991E-4801-8EB2-60A46B9689ED}.Release|x64.Deploy.0 = Release|Any CPU
		{9441D6D0-991E-4801-8EB2-60A46B9689ED}.Release|x86.ActiveCfg = Release|Any CPU
		{9441D6D0-991E-4801-8EB2-60A46B9689ED}.Release|x86.Build.0 = Release|Any CPU
		{9441D6D0-991E-4801-8EB2-60A46B9689ED}.Release|x86.Deploy.0 = Release|Any CPU
		{137B428D-93D8-4DD0-95EF-5CECF20CD4E0}.Debug|Any CPU.ActiveCfg = Debug|iPhoneSimulator
		{137B428D-93D8-4DD0-95EF-5CECF20CD4E0}.Debug|Any CPU.Build.0 = Debug|iPhoneSimulator
		{137B428D-93D8-4DD0-95EF-5CECF20CD4E0}.Debug|Any CPU.Deploy.0 = Debug|iPhoneSimulator
		{137B428D-93D8-4DD0-95EF-5CECF20CD4E0}.Debug|ARM.ActiveCfg = Debug|iPhone
		{137B428D-93D8-4DD0-95EF-5CECF20CD4E0}.Debug|ARM.Build.0 = Debug|iPhone
		{137B428D-93D8-4DD0-95EF-5CECF20CD4E0}.Debug|ARM.Deploy.0 = Debug|iPhone
		{137B428D-93D8-4DD0-95EF-5CECF20CD4E0}.Debug|iPhone.ActiveCfg = Debug|iPhone
		{137B428D-93D8-4DD0-95EF-5CECF20CD4E0}.Debug|iPhone.Build.0 = Debug|iPhone
		{137B428D-93D8-4DD0-95EF-5CECF20CD4E0}.Debug|iPhone.Deploy.0 = Debug|iPhone
		{137B428D-93D8-4DD0-95EF-5CECF20CD4E0}.Debug|iPhoneSimulator.ActiveCfg = Debug|iPhoneSimulator
		{137B428D-93D8-4DD0-95EF-5CECF20CD4E0}.Debug|iPhoneSimulator.Build.0 = Debug|iPhoneSimulator
		{137B428D-93D8-4DD0-95EF-5CECF20CD4E0}.Debug|iPhoneSimulator.Deploy.0 = Debug|iPhoneSimulator
		{137B428D-93D8-4DD0-95EF-5CECF20CD4E0}.Debug|x64.ActiveCfg = Debug|iPhoneSimulator
		{137B428D-93D8-4DD0-95EF-5CECF20CD4E0}.Debug|x64.Build.0 = Debug|iPhoneSimulator
		{137B428D-93D8-4DD0-95EF-5CECF20CD4E0}.Debug|x64.Deploy.0 = Debug|iPhoneSimulator
		{137B428D-93D8-4DD0-95EF-5CECF20CD4E0}.Debug|x86.ActiveCfg = Debug|iPhoneSimulator
		{137B428D-93D8-4DD0-95EF-5CECF20CD4E0}.Debug|x86.Build.0 = Debug|iPhoneSimulator
		{137B428D-93D8-4DD0-95EF-5CECF20CD4E0}.Debug|x86.Deploy.0 = Debug|iPhoneSimulator
		{137B428D-93D8-4DD0-95EF-5CECF20CD4E0}.Release|Any CPU.ActiveCfg = Release|iPhoneSimulator
		{137B428D-93D8-4DD0-95EF-5CECF20CD4E0}.Release|Any CPU.Build.0 = Release|iPhoneSimulator
		{137B428D-93D8-4DD0-95EF-5CECF20CD4E0}.Release|Any CPU.Deploy.0 = Release|iPhoneSimulator
		{137B428D-93D8-4DD0-95EF-5CECF20CD4E0}.Release|ARM.ActiveCfg = Release|iPhoneSimulator
		{137B428D-93D8-4DD0-95EF-5CECF20CD4E0}.Release|ARM.Build.0 = Release|iPhoneSimulator
		{137B428D-93D8-4DD0-95EF-5CECF20CD4E0}.Release|ARM.Deploy.0 = Release|iPhoneSimulator
		{137B428D-93D8-4DD0-95EF-5CECF20CD4E0}.Release|iPhone.ActiveCfg = Release|iPhone
		{137B428D-93D8-4DD0-95EF-5CECF20CD4E0}.Release|iPhone.Build.0 = Release|iPhone
		{137B428D-93D8-4DD0-95EF-5CECF20CD4E0}.Release|iPhone.Deploy.0 = Release|iPhone
		{137B428D-93D8-4DD0-95EF-5CECF20CD4E0}.Release|iPhoneSimulator.ActiveCfg = Release|iPhoneSimulator
		{137B428D-93D8-4DD0-95EF-5CECF20CD4E0}.Release|iPhoneSimulator.Build.0 = Release|iPhoneSimulator
		{137B428D-93D8-4DD0-95EF-5CECF20CD4E0}.Release|iPhoneSimulator.Deploy.0 = Release|iPhoneSimulator
		{137B428D-93D8-4DD0-95EF-5CECF20CD4E0}.Release|x64.ActiveCfg = Release|iPhoneSimulator
		{137B428D-93D8-4DD0-95EF-5CECF20CD4E0}.Release|x64.Build.0 = Release|iPhoneSimulator
		{137B428D-93D8-4DD0-95EF-5CECF20CD4E0}.Release|x64.Deploy.0 = Release|iPhoneSimulator
		{137B428D-93D8-4DD0-95EF-5CECF20CD4E0}.Release|x86.ActiveCfg = Release|iPhoneSimulator
		{137B428D-93D8-4DD0-95EF-5CECF20CD4E0}.Release|x86.Build.0 = Release|iPhoneSimulator
		{137B428D-93D8-4DD0-95EF-5CECF20CD4E0}.Release|x86.Deploy.0 = Release|iPhoneSimulator
		{238C44D5-AF94-4065-A8E4-4ED50A62E779}.Debug|Any CPU.ActiveCfg = Debug|Any CPU
		{238C44D5-AF94-4065-A8E4-4ED50A62E779}.Debug|Any CPU.Build.0 = Debug|Any CPU
		{238C44D5-AF94-4065-A8E4-4ED50A62E779}.Debug|Any CPU.Deploy.0 = Debug|Any CPU
		{238C44D5-AF94-4065-A8E4-4ED50A62E779}.Debug|ARM.ActiveCfg = Debug|Any CPU
		{238C44D5-AF94-4065-A8E4-4ED50A62E779}.Debug|ARM.Build.0 = Debug|Any CPU
		{238C44D5-AF94-4065-A8E4-4ED50A62E779}.Debug|ARM.Deploy.0 = Debug|Any CPU
		{238C44D5-AF94-4065-A8E4-4ED50A62E779}.Debug|iPhone.ActiveCfg = Debug|Any CPU
		{238C44D5-AF94-4065-A8E4-4ED50A62E779}.Debug|iPhone.Build.0 = Debug|Any CPU
		{238C44D5-AF94-4065-A8E4-4ED50A62E779}.Debug|iPhone.Deploy.0 = Debug|Any CPU
		{238C44D5-AF94-4065-A8E4-4ED50A62E779}.Debug|iPhoneSimulator.ActiveCfg = Debug|Any CPU
		{238C44D5-AF94-4065-A8E4-4ED50A62E779}.Debug|iPhoneSimulator.Build.0 = Debug|Any CPU
		{238C44D5-AF94-4065-A8E4-4ED50A62E779}.Debug|iPhoneSimulator.Deploy.0 = Debug|Any CPU
		{238C44D5-AF94-4065-A8E4-4ED50A62E779}.Debug|x64.ActiveCfg = Debug|Any CPU
		{238C44D5-AF94-4065-A8E4-4ED50A62E779}.Debug|x64.Build.0 = Debug|Any CPU
		{238C44D5-AF94-4065-A8E4-4ED50A62E779}.Debug|x64.Deploy.0 = Debug|Any CPU
		{238C44D5-AF94-4065-A8E4-4ED50A62E779}.Debug|x86.ActiveCfg = Debug|Any CPU
		{238C44D5-AF94-4065-A8E4-4ED50A62E779}.Debug|x86.Build.0 = Debug|Any CPU
		{238C44D5-AF94-4065-A8E4-4ED50A62E779}.Debug|x86.Deploy.0 = Debug|Any CPU
		{238C44D5-AF94-4065-A8E4-4ED50A62E779}.Release|Any CPU.ActiveCfg = Release|Any CPU
		{238C44D5-AF94-4065-A8E4-4ED50A62E779}.Release|Any CPU.Build.0 = Release|Any CPU
		{238C44D5-AF94-4065-A8E4-4ED50A62E779}.Release|Any CPU.Deploy.0 = Release|Any CPU
		{238C44D5-AF94-4065-A8E4-4ED50A62E779}.Release|ARM.ActiveCfg = Release|Any CPU
		{238C44D5-AF94-4065-A8E4-4ED50A62E779}.Release|ARM.Build.0 = Release|Any CPU
		{238C44D5-AF94-4065-A8E4-4ED50A62E779}.Release|ARM.Deploy.0 = Release|Any CPU
		{238C44D5-AF94-4065-A8E4-4ED50A62E779}.Release|iPhone.ActiveCfg = Release|Any CPU
		{238C44D5-AF94-4065-A8E4-4ED50A62E779}.Release|iPhone.Build.0 = Release|Any CPU
		{238C44D5-AF94-4065-A8E4-4ED50A62E779}.Release|iPhone.Deploy.0 = Release|Any CPU
		{238C44D5-AF94-4065-A8E4-4ED50A62E779}.Release|iPhoneSimulator.ActiveCfg = Release|Any CPU
		{238C44D5-AF94-4065-A8E4-4ED50A62E779}.Release|iPhoneSimulator.Build.0 = Release|Any CPU
		{238C44D5-AF94-4065-A8E4-4ED50A62E779}.Release|iPhoneSimulator.Deploy.0 = Release|Any CPU
		{238C44D5-AF94-4065-A8E4-4ED50A62E779}.Release|x64.ActiveCfg = Release|Any CPU
		{238C44D5-AF94-4065-A8E4-4ED50A62E779}.Release|x64.Build.0 = Release|Any CPU
		{238C44D5-AF94-4065-A8E4-4ED50A62E779}.Release|x64.Deploy.0 = Release|Any CPU
		{238C44D5-AF94-4065-A8E4-4ED50A62E779}.Release|x86.ActiveCfg = Release|Any CPU
		{238C44D5-AF94-4065-A8E4-4ED50A62E779}.Release|x86.Build.0 = Release|Any CPU
		{238C44D5-AF94-4065-A8E4-4ED50A62E779}.Release|x86.Deploy.0 = Release|Any CPU
		{668CE767-11B9-4A88-A373-259DB2707D79}.Debug|Any CPU.ActiveCfg = Debug|Any CPU
		{668CE767-11B9-4A88-A373-259DB2707D79}.Debug|Any CPU.Build.0 = Debug|Any CPU
		{668CE767-11B9-4A88-A373-259DB2707D79}.Debug|ARM.ActiveCfg = Debug|Any CPU
		{668CE767-11B9-4A88-A373-259DB2707D79}.Debug|ARM.Build.0 = Debug|Any CPU
		{668CE767-11B9-4A88-A373-259DB2707D79}.Debug|iPhone.ActiveCfg = Debug|Any CPU
		{668CE767-11B9-4A88-A373-259DB2707D79}.Debug|iPhone.Build.0 = Debug|Any CPU
		{668CE767-11B9-4A88-A373-259DB2707D79}.Debug|iPhoneSimulator.ActiveCfg = Debug|Any CPU
		{668CE767-11B9-4A88-A373-259DB2707D79}.Debug|iPhoneSimulator.Build.0 = Debug|Any CPU
		{668CE767-11B9-4A88-A373-259DB2707D79}.Debug|x64.ActiveCfg = Debug|Any CPU
		{668CE767-11B9-4A88-A373-259DB2707D79}.Debug|x64.Build.0 = Debug|Any CPU
		{668CE767-11B9-4A88-A373-259DB2707D79}.Debug|x86.ActiveCfg = Debug|Any CPU
		{668CE767-11B9-4A88-A373-259DB2707D79}.Debug|x86.Build.0 = Debug|Any CPU
		{668CE767-11B9-4A88-A373-259DB2707D79}.Release|Any CPU.ActiveCfg = Release|Any CPU
		{668CE767-11B9-4A88-A373-259DB2707D79}.Release|Any CPU.Build.0 = Release|Any CPU
		{668CE767-11B9-4A88-A373-259DB2707D79}.Release|ARM.ActiveCfg = Release|Any CPU
		{668CE767-11B9-4A88-A373-259DB2707D79}.Release|ARM.Build.0 = Release|Any CPU
		{668CE767-11B9-4A88-A373-259DB2707D79}.Release|iPhone.ActiveCfg = Release|Any CPU
		{668CE767-11B9-4A88-A373-259DB2707D79}.Release|iPhone.Build.0 = Release|Any CPU
		{668CE767-11B9-4A88-A373-259DB2707D79}.Release|iPhoneSimulator.ActiveCfg = Release|Any CPU
		{668CE767-11B9-4A88-A373-259DB2707D79}.Release|iPhoneSimulator.Build.0 = Release|Any CPU
		{668CE767-11B9-4A88-A373-259DB2707D79}.Release|x64.ActiveCfg = Release|Any CPU
		{668CE767-11B9-4A88-A373-259DB2707D79}.Release|x64.Build.0 = Release|Any CPU
		{668CE767-11B9-4A88-A373-259DB2707D79}.Release|x86.ActiveCfg = Release|Any CPU
		{668CE767-11B9-4A88-A373-259DB2707D79}.Release|x86.Build.0 = Release|Any CPU
	EndGlobalSection
	GlobalSection(SolutionProperties) = preSolution
		HideSolutionNode = FALSE
	EndGlobalSection
	GlobalSection(ExtensibilityGlobals) = postSolution
		SolutionGuid = {A5C6E436-7590-4E4C-9BF6-951236B1BE1F}
	EndGlobalSection
EndGlobal
