
Microsoft Visual Studio Solution File, Format Version 12.00
# Visual Studio Version 16
VisualStudioVersion = 16.0.31702.278
MinimumVisualStudioVersion = 10.0.40219.1
Project("{FAE04EC0-301F-11D3-BF4B-00C04F79EFBC}") = "WinToolsTwo", "WinToolsTwo\WinToolsTwo.csproj", "{D063CA38-9D4D-4D64-97BF-E250CEDE9617}"
EndProject
Global
	GlobalSection(SolutionConfigurationPlatforms) = preSolution
		Debug|Any CPU = Debug|Any CPU
		Release|Any CPU = Release|Any CPU
	EndGlobalSection
	GlobalSection(ProjectConfigurationPlatforms) = postSolution
		{D063CA38-9D4D-4D64-97BF-E250CEDE9617}.Debug|Any CPU.ActiveCfg = Debug|Any CPU
		{D063CA38-9D4D-4D64-97BF-E250CEDE9617}.Debug|Any CPU.Build.0 = Debug|Any CPU
		{D063CA38-9D4D-4D64-97BF-E250CEDE9617}.Release|Any CPU.ActiveCfg = Release|Any CPU
		{D063CA38-9D4D-4D64-97BF-E250CEDE9617}.Release|Any CPU.Build.0 = Release|Any CPU
	EndGlobalSection
	GlobalSection(SolutionProperties) = preSolution
		HideSolutionNode = FALSE
	EndGlobalSection
	GlobalSection(ExtensibilityGlobals) = postSolution
		SolutionGuid = {A514BECF-1DE8-40B5-B087-76D1058CED67}
	EndGlobalSection
EndGlobal
